
Microsoft Visual Studio Solution File, Format Version 12.00
# Visual Studio 2012
Project("{FAE04EC0-301F-11D3-BF4B-00C04F79EFBC}") = "DevProtocol.Xam.Demos.AuthDemo", "DevProtocol.Xam.Demos.AuthDemo\DevProtocol.Xam.Demos.AuthDemo.csproj", "{38379DB0-E7DA-4431-AE75-74193DBBE6A3}"
EndProject
Project("{FAE04EC0-301F-11D3-BF4B-00C04F79EFBC}") = "DevProtocol.Xam.Demos.AuthDemo.iOS", "DevProtocol.Xam.Demos.AuthDemo.iOS\DevProtocol.Xam.Demos.AuthDemo.iOS.csproj", "{04E2E9D5-09E7-4B43-AF41-58381D5DDA58}"
EndProject
Project("{FAE04EC0-301F-11D3-BF4B-00C04F79EFBC}") = "DevProtocol.Xam.Demos.AuthDemo.Droid", "DevProtocol.Xam.Demos.AuthDemo.Droid\DevProtocol.Xam.Demos.AuthDemo.Droid.csproj", "{F1ECF0E5-87C3-42DF-AF33-1A758C974411}"
EndProject
Project("{2150E333-8FDC-42A3-9474-1A3956D46DE8}") = "Shared", "Shared", "{3491AE6C-A125-4126-B030-FDECD8525A53}"
EndProject
Project("{2150E333-8FDC-42A3-9474-1A3956D46DE8}") = "Targets", "Targets", "{EC679B5B-C7B3-432C-8B06-E70AD0AAF4B5}"
EndProject
Global
	GlobalSection(SolutionConfigurationPlatforms) = preSolution
		Debug|Any CPU = Debug|Any CPU
		Release|Any CPU = Release|Any CPU
		Debug|iPhoneSimulator = Debug|iPhoneSimulator
		Release|iPhone = Release|iPhone
		Release|iPhoneSimulator = Release|iPhoneSimulator
		Debug|iPhone = Debug|iPhone
	EndGlobalSection
	GlobalSection(ProjectConfigurationPlatforms) = postSolution
		{38379DB0-E7DA-4431-AE75-74193DBBE6A3}.Debug|Any CPU.ActiveCfg = Debug|Any CPU
		{38379DB0-E7DA-4431-AE75-74193DBBE6A3}.Debug|Any CPU.Build.0 = Debug|Any CPU
		{38379DB0-E7DA-4431-AE75-74193DBBE6A3}.Release|Any CPU.ActiveCfg = Release|Any CPU
		{38379DB0-E7DA-4431-AE75-74193DBBE6A3}.Release|Any CPU.Build.0 = Release|Any CPU
		{38379DB0-E7DA-4431-AE75-74193DBBE6A3}.Debug|iPhoneSimulator.ActiveCfg = Debug|Any CPU
		{38379DB0-E7DA-4431-AE75-74193DBBE6A3}.Debug|iPhoneSimulator.Build.0 = Debug|Any CPU
		{38379DB0-E7DA-4431-AE75-74193DBBE6A3}.Release|iPhone.ActiveCfg = Release|Any CPU
		{38379DB0-E7DA-4431-AE75-74193DBBE6A3}.Release|iPhone.Build.0 = Release|Any CPU
		{38379DB0-E7DA-4431-AE75-74193DBBE6A3}.Release|iPhoneSimulator.ActiveCfg = Release|Any CPU
		{38379DB0-E7DA-4431-AE75-74193DBBE6A3}.Release|iPhoneSimulator.Build.0 = Release|Any CPU
		{38379DB0-E7DA-4431-AE75-74193DBBE6A3}.Debug|iPhone.ActiveCfg = Debug|Any CPU
		{38379DB0-E7DA-4431-AE75-74193DBBE6A3}.Debug|iPhone.Build.0 = Debug|Any CPU
		{04E2E9D5-09E7-4B43-AF41-58381D5DDA58}.Debug|Any CPU.ActiveCfg = Debug|iPhoneSimulator
		{04E2E9D5-09E7-4B43-AF41-58381D5DDA58}.Debug|Any CPU.Build.0 = Debug|iPhoneSimulator
		{04E2E9D5-09E7-4B43-AF41-58381D5DDA58}.Release|Any CPU.ActiveCfg = Release|iPhone
		{04E2E9D5-09E7-4B43-AF41-58381D5DDA58}.Release|Any CPU.Build.0 = Release|iPhone
		{04E2E9D5-09E7-4B43-AF41-58381D5DDA58}.Debug|iPhoneSimulator.ActiveCfg = Debug|iPhoneSimulator
		{04E2E9D5-09E7-4B43-AF41-58381D5DDA58}.Debug|iPhoneSimulator.Build.0 = Debug|iPhoneSimulator
		{04E2E9D5-09E7-4B43-AF41-58381D5DDA58}.Release|iPhone.ActiveCfg = Release|iPhone
		{04E2E9D5-09E7-4B43-AF41-58381D5DDA58}.Release|iPhone.Build.0 = Release|iPhone
		{04E2E9D5-09E7-4B43-AF41-58381D5DDA58}.Release|iPhoneSimulator.ActiveCfg = Release|iPhoneSimulator
		{04E2E9D5-09E7-4B43-AF41-58381D5DDA58}.Release|iPhoneSimulator.Build.0 = Release|iPhoneSimulator
		{04E2E9D5-09E7-4B43-AF41-58381D5DDA58}.Debug|iPhone.ActiveCfg = Debug|iPhone
		{04E2E9D5-09E7-4B43-AF41-58381D5DDA58}.Debug|iPhone.Build.0 = Debug|iPhone
		{F1ECF0E5-87C3-42DF-AF33-1A758C974411}.Debug|Any CPU.ActiveCfg = Debug|Any CPU
		{F1ECF0E5-87C3-42DF-AF33-1A758C974411}.Debug|Any CPU.Build.0 = Debug|Any CPU
		{F1ECF0E5-87C3-42DF-AF33-1A758C974411}.Release|Any CPU.ActiveCfg = Release|Any CPU
		{F1ECF0E5-87C3-42DF-AF33-1A758C974411}.Release|Any CPU.Build.0 = Release|Any CPU
		{F1ECF0E5-87C3-42DF-AF33-1A758C974411}.Debug|iPhoneSimulator.ActiveCfg = Debug|Any CPU
		{F1ECF0E5-87C3-42DF-AF33-1A758C974411}.Debug|iPhoneSimulator.Build.0 = Debug|Any CPU
		{F1ECF0E5-87C3-42DF-AF33-1A758C974411}.Release|iPhone.ActiveCfg = Release|Any CPU
		{F1ECF0E5-87C3-42DF-AF33-1A758C974411}.Release|iPhone.Build.0 = Release|Any CPU
		{F1ECF0E5-87C3-42DF-AF33-1A758C974411}.Release|iPhoneSimulator.ActiveCfg = Release|Any CPU
		{F1ECF0E5-87C3-42DF-AF33-1A758C974411}.Release|iPhoneSimulator.Build.0 = Release|Any CPU
		{F1ECF0E5-87C3-42DF-AF33-1A758C974411}.Debug|iPhone.ActiveCfg = Debug|Any CPU
		{F1ECF0E5-87C3-42DF-AF33-1A758C974411}.Debug|iPhone.Build.0 = Debug|Any CPU
	EndGlobalSection
	GlobalSection(NestedProjects) = preSolution
		{F1ECF0E5-87C3-42DF-AF33-1A758C974411} = {EC679B5B-C7B3-432C-8B06-E70AD0AAF4B5}
		{04E2E9D5-09E7-4B43-AF41-58381D5DDA58} = {EC679B5B-C7B3-432C-8B06-E70AD0AAF4B5}
		{38379DB0-E7DA-4431-AE75-74193DBBE6A3} = {3491AE6C-A125-4126-B030-FDECD8525A53}
	EndGlobalSection
EndGlobal
